
Microsoft Visual Studio Solution File, Format Version 12.00
# Visual Studio Version 17
VisualStudioVersion = 17.9.34728.123
MinimumVisualStudioVersion = 10.0.40219.1
Project("{9092AA53-FB77-4645-B42D-1CCCA6BD08BD}") = "ExpressAuthentication", "ExpressAuthentication.njsproj", "{39BBE222-17FF-4CB8-BE2B-E52D9AEC0C9B}"
EndProject
Global
	GlobalSection(SolutionConfigurationPlatforms) = preSolution
		Debug|Any CPU = Debug|Any CPU
		Release|Any CPU = Release|Any CPU
	EndGlobalSection
	GlobalSection(ProjectConfigurationPlatforms) = postSolution
		{39BBE222-17FF-4CB8-BE2B-E52D9AEC0C9B}.Debug|Any CPU.ActiveCfg = Debug|Any CPU
		{39BBE222-17FF-4CB8-BE2B-E52D9AEC0C9B}.Debug|Any CPU.Build.0 = Debug|Any CPU
		{39BBE222-17FF-4CB8-BE2B-E52D9AEC0C9B}.Release|Any CPU.ActiveCfg = Release|Any CPU
		{39BBE222-17FF-4CB8-BE2B-E52D9AEC0C9B}.Release|Any CPU.Build.0 = Release|Any CPU
	EndGlobalSection
	GlobalSection(SolutionProperties) = preSolution
		HideSolutionNode = FALSE
	EndGlobalSection
	GlobalSection(ExtensibilityGlobals) = postSolution
		SolutionGuid = {3DE7DD61-D32C-4AE1-9237-3FAF3FA0079A}
	EndGlobalSection
EndGlobal
